
Microsoft Visual Studio Solution File, Format Version 12.00
# Visual Studio Version 16
VisualStudioVersion = 16.0.29613.14
MinimumVisualStudioVersion = 10.0.40219.1
Project("{888888A0-9F3D-457C-B088-3A5042F75D52}") = "LocalGameDevelopment", "LocalGameDevelopment.pyproj", "{1CE7F800-9A10-4929-A012-77C4EC1D2407}"
EndProject
Global
	GlobalSection(SolutionConfigurationPlatforms) = preSolution
		Debug|Any CPU = Debug|Any CPU
		Release|Any CPU = Release|Any CPU
	EndGlobalSection
	GlobalSection(ProjectConfigurationPlatforms) = postSolution
		{1CE7F800-9A10-4929-A012-77C4EC1D2407}.Debug|Any CPU.ActiveCfg = Debug|Any CPU
		{1CE7F800-9A10-4929-A012-77C4EC1D2407}.Release|Any CPU.ActiveCfg = Release|Any CPU
	EndGlobalSection
	GlobalSection(SolutionProperties) = preSolution
		HideSolutionNode = FALSE
	EndGlobalSection
	GlobalSection(ExtensibilityGlobals) = postSolution
		SolutionGuid = {37FBDAAD-056A-45A8-94D5-00CB53754D38}
	EndGlobalSection
EndGlobal
